
Microsoft Visual Studio Solution File, Format Version 12.00
# Visual Studio Version 17
VisualStudioVersion = 17.4.33122.133
MinimumVisualStudioVersion = 10.0.40219.1
Project("{9A19103F-16F7-4668-BE54-9A1E7A4F7556}") = "Domain", "Domain\Domain.csproj", "{B6CCF7D6-0B93-4EF4-BD94-90FBFECAD902}"
EndProject
Project("{9A19103F-16F7-4668-BE54-9A1E7A4F7556}") = "WebApi", "WebApi\WebApi.csproj", "{77E411BF-86C1-459D-9050-0FF5BBC35BB6}"
EndProject
Project("{9A19103F-16F7-4668-BE54-9A1E7A4F7556}") = "Testes", "Testes\Testes.csproj", "{EEAD6D33-1E48-4938-A4F5-F8F8C031E746}"
EndProject
Project("{9A19103F-16F7-4668-BE54-9A1E7A4F7556}") = "Infrastructure", "Infrastructure\Infrastructure.csproj", "{191F2629-6AF8-4A88-BB29-BFC23D95A082}"
EndProject
Global
	GlobalSection(SolutionConfigurationPlatforms) = preSolution
		Debug|Any CPU = Debug|Any CPU
		Release|Any CPU = Release|Any CPU
	EndGlobalSection
	GlobalSection(ProjectConfigurationPlatforms) = postSolution
		{B6CCF7D6-0B93-4EF4-BD94-90FBFECAD902}.Debug|Any CPU.ActiveCfg = Debug|Any CPU
		{B6CCF7D6-0B93-4EF4-BD94-90FBFECAD902}.Debug|Any CPU.Build.0 = Debug|Any CPU
		{B6CCF7D6-0B93-4EF4-BD94-90FBFECAD902}.Release|Any CPU.ActiveCfg = Release|Any CPU
		{B6CCF7D6-0B93-4EF4-BD94-90FBFECAD902}.Release|Any CPU.Build.0 = Release|Any CPU
		{77E411BF-86C1-459D-9050-0FF5BBC35BB6}.Debug|Any CPU.ActiveCfg = Debug|Any CPU
		{77E411BF-86C1-459D-9050-0FF5BBC35BB6}.Debug|Any CPU.Build.0 = Debug|Any CPU
		{77E411BF-86C1-459D-9050-0FF5BBC35BB6}.Release|Any CPU.ActiveCfg = Release|Any CPU
		{77E411BF-86C1-459D-9050-0FF5BBC35BB6}.Release|Any CPU.Build.0 = Release|Any CPU
		{EEAD6D33-1E48-4938-A4F5-F8F8C031E746}.Debug|Any CPU.ActiveCfg = Debug|Any CPU
		{EEAD6D33-1E48-4938-A4F5-F8F8C031E746}.Debug|Any CPU.Build.0 = Debug|Any CPU
		{EEAD6D33-1E48-4938-A4F5-F8F8C031E746}.Release|Any CPU.ActiveCfg = Release|Any CPU
		{EEAD6D33-1E48-4938-A4F5-F8F8C031E746}.Release|Any CPU.Build.0 = Release|Any CPU
		{191F2629-6AF8-4A88-BB29-BFC23D95A082}.Debug|Any CPU.ActiveCfg = Debug|Any CPU
		{191F2629-6AF8-4A88-BB29-BFC23D95A082}.Debug|Any CPU.Build.0 = Debug|Any CPU
		{191F2629-6AF8-4A88-BB29-BFC23D95A082}.Release|Any CPU.ActiveCfg = Release|Any CPU
		{191F2629-6AF8-4A88-BB29-BFC23D95A082}.Release|Any CPU.Build.0 = Release|Any CPU
	EndGlobalSection
	GlobalSection(SolutionProperties) = preSolution
		HideSolutionNode = FALSE
	EndGlobalSection
	GlobalSection(ExtensibilityGlobals) = postSolution
		SolutionGuid = {CB88B6A3-C884-47E0-AC65-68D466ED421E}
	EndGlobalSection
EndGlobal
