
Microsoft Visual Studio Solution File, Format Version 12.00
# Visual Studio Version 17
VisualStudioVersion = 17.4.33122.133
MinimumVisualStudioVersion = 10.0.40219.1
Project("{FAE04EC0-301F-11D3-BF4B-00C04F79EFBC}") = "Infrastructe", "Infrastructe\Infrastructe.csproj", "{C3F9D700-B8C5-4818-85DE-DADAD17EF25F}"
EndProject
Project("{FAE04EC0-301F-11D3-BF4B-00C04F79EFBC}") = "Domain", "Domain\Domain.csproj", "{B6CCF7D6-0B93-4EF4-BD94-90FBFECAD902}"
EndProject
Project("{FAE04EC0-301F-11D3-BF4B-00C04F79EFBC}") = "WebApi", "WebApi\WebApi.csproj", "{77E411BF-86C1-459D-9050-0FF5BBC35BB6}"
EndProject
Project("{FAE04EC0-301F-11D3-BF4B-00C04F79EFBC}") = "Testes", "Testes\Testes.csproj", "{EEAD6D33-1E48-4938-A4F5-F8F8C031E746}"
EndProject
Global
	GlobalSection(SolutionConfigurationPlatforms) = preSolution
		Debug|Any CPU = Debug|Any CPU
		Release|Any CPU = Release|Any CPU
	EndGlobalSection
	GlobalSection(ProjectConfigurationPlatforms) = postSolution
		{C3F9D700-B8C5-4818-85DE-DADAD17EF25F}.Debug|Any CPU.ActiveCfg = Debug|Any CPU
		{C3F9D700-B8C5-4818-85DE-DADAD17EF25F}.Debug|Any CPU.Build.0 = Debug|Any CPU
		{C3F9D700-B8C5-4818-85DE-DADAD17EF25F}.Release|Any CPU.ActiveCfg = Release|Any CPU
		{C3F9D700-B8C5-4818-85DE-DADAD17EF25F}.Release|Any CPU.Build.0 = Release|Any CPU
		{B6CCF7D6-0B93-4EF4-BD94-90FBFECAD902}.Debug|Any CPU.ActiveCfg = Debug|Any CPU
		{B6CCF7D6-0B93-4EF4-BD94-90FBFECAD902}.Debug|Any CPU.Build.0 = Debug|Any CPU
		{B6CCF7D6-0B93-4EF4-BD94-90FBFECAD902}.Release|Any CPU.ActiveCfg = Release|Any CPU
		{B6CCF7D6-0B93-4EF4-BD94-90FBFECAD902}.Release|Any CPU.Build.0 = Release|Any CPU
		{77E411BF-86C1-459D-9050-0FF5BBC35BB6}.Debug|Any CPU.ActiveCfg = Debug|Any CPU
		{77E411BF-86C1-459D-9050-0FF5BBC35BB6}.Debug|Any CPU.Build.0 = Debug|Any CPU
		{77E411BF-86C1-459D-9050-0FF5BBC35BB6}.Release|Any CPU.ActiveCfg = Release|Any CPU
		{77E411BF-86C1-459D-9050-0FF5BBC35BB6}.Release|Any CPU.Build.0 = Release|Any CPU
		{EEAD6D33-1E48-4938-A4F5-F8F8C031E746}.Debug|Any CPU.ActiveCfg = Debug|Any CPU
		{EEAD6D33-1E48-4938-A4F5-F8F8C031E746}.Debug|Any CPU.Build.0 = Debug|Any CPU
		{EEAD6D33-1E48-4938-A4F5-F8F8C031E746}.Release|Any CPU.ActiveCfg = Release|Any CPU
		{EEAD6D33-1E48-4938-A4F5-F8F8C031E746}.Release|Any CPU.Build.0 = Release|Any CPU
	EndGlobalSection
	GlobalSection(SolutionProperties) = preSolution
		HideSolutionNode = FALSE
	EndGlobalSection
	GlobalSection(ExtensibilityGlobals) = postSolution
		SolutionGuid = {CB88B6A3-C884-47E0-AC65-68D466ED421E}
	EndGlobalSection
EndGlobal
